
Microsoft Visual Studio Solution File, Format Version 12.00
# Visual Studio Version 17
VisualStudioVersion = 17.8.34330.188
MinimumVisualStudioVersion = 10.0.40219.1
Project("{2150E333-8FDC-42A3-9474-1A3956D46DE8}") = "src", "src", "{BCBB8676-A7A4-444B-85D1-8AA17D434E2C}"
EndProject
Project("{2150E333-8FDC-42A3-9474-1A3956D46DE8}") = "Building Blocks", "Building Blocks", "{0AE477C5-5150-468B-A884-652B4F1B83F9}"
EndProject
Project("{2150E333-8FDC-42A3-9474-1A3956D46DE8}") = "Services", "Services", "{DD7C512D-7C54-49C1-A4A7-5257791D4DFE}"
EndProject
Project("{2150E333-8FDC-42A3-9474-1A3956D46DE8}") = "Web", "Web", "{28D28ED3-063C-48B8-93BA-679DAF377243}"
EndProject
Project("{2150E333-8FDC-42A3-9474-1A3956D46DE8}") = "Identidade", "Identidade", "{3A28EAB1-C1C4-466C-BF9F-6BFED5C0299F}"
EndProject
Project("{9A19103F-16F7-4668-BE54-9A1E7A4F7556}") = "NSE.Identidade.API", "src\services\NSE.Identidade.API\NSE.Identidade.API.csproj", "{DEA411E5-9124-43A3-8086-7E88DC99F19D}"
EndProject
Project("{2150E333-8FDC-42A3-9474-1A3956D46DE8}") = "MVC", "MVC", "{5A29C2D2-8CA2-440C-8488-7CBA7D64E450}"
EndProject
Project("{9A19103F-16F7-4668-BE54-9A1E7A4F7556}") = "NSE.WebApp.MVC", "src\web\NSE.WebApp.MVC\NSE.WebApp.MVC.csproj", "{B808B777-5BBB-4FA8-83C0-E94C65582B9F}"
EndProject
Project("{2150E333-8FDC-42A3-9474-1A3956D46DE8}") = "Core", "Core", "{34B0FE1D-1DE6-41E6-9FCF-3A998895F90E}"
EndProject
Project("{9A19103F-16F7-4668-BE54-9A1E7A4F7556}") = "NSE.Core", "src\building blocks\NSE.Core\NSE.Core.csproj", "{305C7299-1989-47CA-A922-44265DA7C050}"
EndProject
Project("{2150E333-8FDC-42A3-9474-1A3956D46DE8}") = "Carrinho", "Carrinho", "{BC56A41B-DF5A-4835-A330-2DB7C00DDC72}"
EndProject
Project("{2150E333-8FDC-42A3-9474-1A3956D46DE8}") = "Catalogo", "Catalogo", "{DB3E24AD-F6C8-440B-A005-D6E893EE0757}"
EndProject
Project("{2150E333-8FDC-42A3-9474-1A3956D46DE8}") = "Clientes", "Clientes", "{52602D5F-2BD6-4964-BE16-0BABA447A03E}"
EndProject
Project("{2150E333-8FDC-42A3-9474-1A3956D46DE8}") = "Pagamento", "Pagamento", "{707D6CAC-4450-4F51-980F-412CAA786D05}"
EndProject
Project("{2150E333-8FDC-42A3-9474-1A3956D46DE8}") = "Pedido", "Pedido", "{33BB0AED-3177-4F9F-B55B-538AD16DD577}"
EndProject
Project("{9A19103F-16F7-4668-BE54-9A1E7A4F7556}") = "NSE.Carrinho.API", "src\services\NSE.Carrinho.API\NSE.Carrinho.API.csproj", "{EA727AB0-A4C4-48E3-98AE-BBE561845CB9}"
EndProject
Project("{9A19103F-16F7-4668-BE54-9A1E7A4F7556}") = "NSE.Catalogo.API", "src\services\NSE.Catalogo.API\NSE.Catalogo.API.csproj", "{71A4B972-5BB2-44B6-A8C6-2D9EB47B9322}"
EndProject
Project("{9A19103F-16F7-4668-BE54-9A1E7A4F7556}") = "NSE.Clientes.API", "src\services\NSE.Cliente.API\NSE.Clientes.API.csproj", "{73561FE5-E0CF-49BC-A472-987C29A3F018}"
EndProject
Project("{9A19103F-16F7-4668-BE54-9A1E7A4F7556}") = "NSE.Pagamento.API", "src\services\NSE.Pagamento.API\NSE.Pagamento.API.csproj", "{AF774FF8-8E23-4E63-9D1C-AF0F517A146E}"
EndProject
Project("{9A19103F-16F7-4668-BE54-9A1E7A4F7556}") = "NSE.Pedido.API", "src\services\NSE.Pedido.API\NSE.Pedido.API.csproj", "{A8F2017B-C2F2-4E40-A8D7-34F925A6784B}"
EndProject
Project("{2150E333-8FDC-42A3-9474-1A3956D46DE8}") = "Services", "Services", "{C8F2F56C-F62E-467D-A269-772FA49D6286}"
EndProject
Project("{9A19103F-16F7-4668-BE54-9A1E7A4F7556}") = "NSE.WebAPI.Core", "src\building blocks\NSE.WebAPI.Core\NSE.WebAPI.Core.csproj", "{B277B0C0-96D8-483A-8EDC-B2BC1280CB78}"
EndProject
Project("{2150E333-8FDC-42A3-9474-1A3956D46DE8}") = "MessageBus", "MessageBus", "{8D264292-A454-4666-B899-D0C0167B2B8C}"
EndProject
Project("{9A19103F-16F7-4668-BE54-9A1E7A4F7556}") = "NSE.MessageBus", "src\building blocks\NSE.MessageBus\NSE.MessageBus.csproj", "{A35705F9-7DCC-4818-803B-93F1C1E292A4}"
EndProject
Project("{2150E333-8FDC-42A3-9474-1A3956D46DE8}") = "Api Gateways", "Api Gateways", "{56B5ED1F-3DB9-479C-92C0-3F5B7CBEB4E4}"
EndProject
Project("{2150E333-8FDC-42A3-9474-1A3956D46DE8}") = "Compras", "Compras", "{79EB6B80-4A00-401C-93C5-98324D962CCA}"
EndProject
Project("{9A19103F-16F7-4668-BE54-9A1E7A4F7556}") = "NSE.BFF.Compras", "src\api gateways\NSE.BFF.Compras\NSE.BFF.Compras.csproj", "{E1F78C96-3988-446A-BD4F-D60CA26CB633}"
EndProject
Project("{9A19103F-16F7-4668-BE54-9A1E7A4F7556}") = "NSE.Pedido.Domain", "src\services\NSE.Pedido.Domain\NSE.Pedido.Domain.csproj", "{0AC831AA-AE4F-49A3-8F65-05CF392AD1E5}"
EndProject
Project("{9A19103F-16F7-4668-BE54-9A1E7A4F7556}") = "NSE.Pedido.Infra", "src\services\NSE.Pedido.Infra\NSE.Pedido.Infra.csproj", "{AC3BB210-D728-4184-95CF-A2F87C6AA4DE}"
EndProject
Project("{9A19103F-16F7-4668-BE54-9A1E7A4F7556}") = "NSE.Pagamento.NerdsPag", "src\services\NSE.Pagamento.NerdsPag\NSE.Pagamento.NerdsPag.csproj", "{509D7CE0-D0A6-48D2-90EB-98F11B088740}"
EndProject
Global
	GlobalSection(SolutionConfigurationPlatforms) = preSolution
		Debug|Any CPU = Debug|Any CPU
		Release|Any CPU = Release|Any CPU
	EndGlobalSection
	GlobalSection(ProjectConfigurationPlatforms) = postSolution
		{DEA411E5-9124-43A3-8086-7E88DC99F19D}.Debug|Any CPU.ActiveCfg = Debug|Any CPU
		{DEA411E5-9124-43A3-8086-7E88DC99F19D}.Debug|Any CPU.Build.0 = Debug|Any CPU
		{DEA411E5-9124-43A3-8086-7E88DC99F19D}.Release|Any CPU.ActiveCfg = Release|Any CPU
		{DEA411E5-9124-43A3-8086-7E88DC99F19D}.Release|Any CPU.Build.0 = Release|Any CPU
		{B808B777-5BBB-4FA8-83C0-E94C65582B9F}.Debug|Any CPU.ActiveCfg = Debug|Any CPU
		{B808B777-5BBB-4FA8-83C0-E94C65582B9F}.Debug|Any CPU.Build.0 = Debug|Any CPU
		{B808B777-5BBB-4FA8-83C0-E94C65582B9F}.Release|Any CPU.ActiveCfg = Release|Any CPU
		{B808B777-5BBB-4FA8-83C0-E94C65582B9F}.Release|Any CPU.Build.0 = Release|Any CPU
		{305C7299-1989-47CA-A922-44265DA7C050}.Debug|Any CPU.ActiveCfg = Debug|Any CPU
		{305C7299-1989-47CA-A922-44265DA7C050}.Debug|Any CPU.Build.0 = Debug|Any CPU
		{305C7299-1989-47CA-A922-44265DA7C050}.Release|Any CPU.ActiveCfg = Release|Any CPU
		{305C7299-1989-47CA-A922-44265DA7C050}.Release|Any CPU.Build.0 = Release|Any CPU
		{EA727AB0-A4C4-48E3-98AE-BBE561845CB9}.Debug|Any CPU.ActiveCfg = Debug|Any CPU
		{EA727AB0-A4C4-48E3-98AE-BBE561845CB9}.Debug|Any CPU.Build.0 = Debug|Any CPU
		{EA727AB0-A4C4-48E3-98AE-BBE561845CB9}.Release|Any CPU.ActiveCfg = Release|Any CPU
		{EA727AB0-A4C4-48E3-98AE-BBE561845CB9}.Release|Any CPU.Build.0 = Release|Any CPU
		{71A4B972-5BB2-44B6-A8C6-2D9EB47B9322}.Debug|Any CPU.ActiveCfg = Debug|Any CPU
		{71A4B972-5BB2-44B6-A8C6-2D9EB47B9322}.Debug|Any CPU.Build.0 = Debug|Any CPU
		{71A4B972-5BB2-44B6-A8C6-2D9EB47B9322}.Release|Any CPU.ActiveCfg = Release|Any CPU
		{71A4B972-5BB2-44B6-A8C6-2D9EB47B9322}.Release|Any CPU.Build.0 = Release|Any CPU
		{73561FE5-E0CF-49BC-A472-987C29A3F018}.Debug|Any CPU.ActiveCfg = Debug|Any CPU
		{73561FE5-E0CF-49BC-A472-987C29A3F018}.Debug|Any CPU.Build.0 = Debug|Any CPU
		{73561FE5-E0CF-49BC-A472-987C29A3F018}.Release|Any CPU.ActiveCfg = Release|Any CPU
		{73561FE5-E0CF-49BC-A472-987C29A3F018}.Release|Any CPU.Build.0 = Release|Any CPU
		{AF774FF8-8E23-4E63-9D1C-AF0F517A146E}.Debug|Any CPU.ActiveCfg = Debug|Any CPU
		{AF774FF8-8E23-4E63-9D1C-AF0F517A146E}.Debug|Any CPU.Build.0 = Debug|Any CPU
		{AF774FF8-8E23-4E63-9D1C-AF0F517A146E}.Release|Any CPU.ActiveCfg = Release|Any CPU
		{AF774FF8-8E23-4E63-9D1C-AF0F517A146E}.Release|Any CPU.Build.0 = Release|Any CPU
		{A8F2017B-C2F2-4E40-A8D7-34F925A6784B}.Debug|Any CPU.ActiveCfg = Debug|Any CPU
		{A8F2017B-C2F2-4E40-A8D7-34F925A6784B}.Debug|Any CPU.Build.0 = Debug|Any CPU
		{A8F2017B-C2F2-4E40-A8D7-34F925A6784B}.Release|Any CPU.ActiveCfg = Release|Any CPU
		{A8F2017B-C2F2-4E40-A8D7-34F925A6784B}.Release|Any CPU.Build.0 = Release|Any CPU
		{B277B0C0-96D8-483A-8EDC-B2BC1280CB78}.Debug|Any CPU.ActiveCfg = Debug|Any CPU
		{B277B0C0-96D8-483A-8EDC-B2BC1280CB78}.Debug|Any CPU.Build.0 = Debug|Any CPU
		{B277B0C0-96D8-483A-8EDC-B2BC1280CB78}.Release|Any CPU.ActiveCfg = Release|Any CPU
		{B277B0C0-96D8-483A-8EDC-B2BC1280CB78}.Release|Any CPU.Build.0 = Release|Any CPU
		{A35705F9-7DCC-4818-803B-93F1C1E292A4}.Debug|Any CPU.ActiveCfg = Debug|Any CPU
		{A35705F9-7DCC-4818-803B-93F1C1E292A4}.Debug|Any CPU.Build.0 = Debug|Any CPU
		{A35705F9-7DCC-4818-803B-93F1C1E292A4}.Release|Any CPU.ActiveCfg = Release|Any CPU
		{A35705F9-7DCC-4818-803B-93F1C1E292A4}.Release|Any CPU.Build.0 = Release|Any CPU
		{E1F78C96-3988-446A-BD4F-D60CA26CB633}.Debug|Any CPU.ActiveCfg = Debug|Any CPU
		{E1F78C96-3988-446A-BD4F-D60CA26CB633}.Debug|Any CPU.Build.0 = Debug|Any CPU
		{E1F78C96-3988-446A-BD4F-D60CA26CB633}.Release|Any CPU.ActiveCfg = Release|Any CPU
		{E1F78C96-3988-446A-BD4F-D60CA26CB633}.Release|Any CPU.Build.0 = Release|Any CPU
		{0AC831AA-AE4F-49A3-8F65-05CF392AD1E5}.Debug|Any CPU.ActiveCfg = Debug|Any CPU
		{0AC831AA-AE4F-49A3-8F65-05CF392AD1E5}.Debug|Any CPU.Build.0 = Debug|Any CPU
		{0AC831AA-AE4F-49A3-8F65-05CF392AD1E5}.Release|Any CPU.ActiveCfg = Release|Any CPU
		{0AC831AA-AE4F-49A3-8F65-05CF392AD1E5}.Release|Any CPU.Build.0 = Release|Any CPU
		{AC3BB210-D728-4184-95CF-A2F87C6AA4DE}.Debug|Any CPU.ActiveCfg = Debug|Any CPU
		{AC3BB210-D728-4184-95CF-A2F87C6AA4DE}.Debug|Any CPU.Build.0 = Debug|Any CPU
		{AC3BB210-D728-4184-95CF-A2F87C6AA4DE}.Release|Any CPU.ActiveCfg = Release|Any CPU
		{AC3BB210-D728-4184-95CF-A2F87C6AA4DE}.Release|Any CPU.Build.0 = Release|Any CPU
		{509D7CE0-D0A6-48D2-90EB-98F11B088740}.Debug|Any CPU.ActiveCfg = Debug|Any CPU
		{509D7CE0-D0A6-48D2-90EB-98F11B088740}.Debug|Any CPU.Build.0 = Debug|Any CPU
		{509D7CE0-D0A6-48D2-90EB-98F11B088740}.Release|Any CPU.ActiveCfg = Release|Any CPU
		{509D7CE0-D0A6-48D2-90EB-98F11B088740}.Release|Any CPU.Build.0 = Release|Any CPU
	EndGlobalSection
	GlobalSection(SolutionProperties) = preSolution
		HideSolutionNode = FALSE
	EndGlobalSection
	GlobalSection(NestedProjects) = preSolution
		{0AE477C5-5150-468B-A884-652B4F1B83F9} = {BCBB8676-A7A4-444B-85D1-8AA17D434E2C}
		{DD7C512D-7C54-49C1-A4A7-5257791D4DFE} = {BCBB8676-A7A4-444B-85D1-8AA17D434E2C}
		{28D28ED3-063C-48B8-93BA-679DAF377243} = {BCBB8676-A7A4-444B-85D1-8AA17D434E2C}
		{3A28EAB1-C1C4-466C-BF9F-6BFED5C0299F} = {DD7C512D-7C54-49C1-A4A7-5257791D4DFE}
		{DEA411E5-9124-43A3-8086-7E88DC99F19D} = {3A28EAB1-C1C4-466C-BF9F-6BFED5C0299F}
		{5A29C2D2-8CA2-440C-8488-7CBA7D64E450} = {28D28ED3-063C-48B8-93BA-679DAF377243}
		{B808B777-5BBB-4FA8-83C0-E94C65582B9F} = {5A29C2D2-8CA2-440C-8488-7CBA7D64E450}
		{34B0FE1D-1DE6-41E6-9FCF-3A998895F90E} = {0AE477C5-5150-468B-A884-652B4F1B83F9}
		{305C7299-1989-47CA-A922-44265DA7C050} = {34B0FE1D-1DE6-41E6-9FCF-3A998895F90E}
		{BC56A41B-DF5A-4835-A330-2DB7C00DDC72} = {DD7C512D-7C54-49C1-A4A7-5257791D4DFE}
		{DB3E24AD-F6C8-440B-A005-D6E893EE0757} = {DD7C512D-7C54-49C1-A4A7-5257791D4DFE}
		{52602D5F-2BD6-4964-BE16-0BABA447A03E} = {DD7C512D-7C54-49C1-A4A7-5257791D4DFE}
		{707D6CAC-4450-4F51-980F-412CAA786D05} = {DD7C512D-7C54-49C1-A4A7-5257791D4DFE}
		{33BB0AED-3177-4F9F-B55B-538AD16DD577} = {DD7C512D-7C54-49C1-A4A7-5257791D4DFE}
		{EA727AB0-A4C4-48E3-98AE-BBE561845CB9} = {BC56A41B-DF5A-4835-A330-2DB7C00DDC72}
		{71A4B972-5BB2-44B6-A8C6-2D9EB47B9322} = {DB3E24AD-F6C8-440B-A005-D6E893EE0757}
		{73561FE5-E0CF-49BC-A472-987C29A3F018} = {52602D5F-2BD6-4964-BE16-0BABA447A03E}
		{AF774FF8-8E23-4E63-9D1C-AF0F517A146E} = {707D6CAC-4450-4F51-980F-412CAA786D05}
		{A8F2017B-C2F2-4E40-A8D7-34F925A6784B} = {33BB0AED-3177-4F9F-B55B-538AD16DD577}
		{C8F2F56C-F62E-467D-A269-772FA49D6286} = {0AE477C5-5150-468B-A884-652B4F1B83F9}
		{B277B0C0-96D8-483A-8EDC-B2BC1280CB78} = {C8F2F56C-F62E-467D-A269-772FA49D6286}
		{8D264292-A454-4666-B899-D0C0167B2B8C} = {0AE477C5-5150-468B-A884-652B4F1B83F9}
		{A35705F9-7DCC-4818-803B-93F1C1E292A4} = {8D264292-A454-4666-B899-D0C0167B2B8C}
		{56B5ED1F-3DB9-479C-92C0-3F5B7CBEB4E4} = {BCBB8676-A7A4-444B-85D1-8AA17D434E2C}
		{79EB6B80-4A00-401C-93C5-98324D962CCA} = {56B5ED1F-3DB9-479C-92C0-3F5B7CBEB4E4}
		{E1F78C96-3988-446A-BD4F-D60CA26CB633} = {79EB6B80-4A00-401C-93C5-98324D962CCA}
		{0AC831AA-AE4F-49A3-8F65-05CF392AD1E5} = {33BB0AED-3177-4F9F-B55B-538AD16DD577}
		{AC3BB210-D728-4184-95CF-A2F87C6AA4DE} = {33BB0AED-3177-4F9F-B55B-538AD16DD577}
		{509D7CE0-D0A6-48D2-90EB-98F11B088740} = {707D6CAC-4450-4F51-980F-412CAA786D05}
	EndGlobalSection
	GlobalSection(ExtensibilityGlobals) = postSolution
		SolutionGuid = {DF555903-B208-431D-8D95-1B36CAE51DEC}
	EndGlobalSection
EndGlobal
